
Microsoft Visual Studio Solution File, Format Version 12.00
Project("{FAE04EC0-301F-11D3-BF4B-00C04F79EFBC}") = "LackBot", "LackBot\LackBot.csproj", "{BD31211E-62BF-43F3-B285-ED1443CE6907}"
EndProject
Global
	GlobalSection(SolutionConfigurationPlatforms) = preSolution
		Debug|Any CPU = Debug|Any CPU
		Release|Any CPU = Release|Any CPU
	EndGlobalSection
	GlobalSection(ProjectConfigurationPlatforms) = postSolution
		{BD31211E-62BF-43F3-B285-ED1443CE6907}.Debug|Any CPU.ActiveCfg = Debug|Any CPU
		{BD31211E-62BF-43F3-B285-ED1443CE6907}.Debug|Any CPU.Build.0 = Debug|Any CPU
		{BD31211E-62BF-43F3-B285-ED1443CE6907}.Release|Any CPU.ActiveCfg = Release|Any CPU
		{BD31211E-62BF-43F3-B285-ED1443CE6907}.Release|Any CPU.Build.0 = Release|Any CPU
	EndGlobalSection
EndGlobal
